
Microsoft Visual Studio Solution File, Format Version 12.00
# Visual Studio 15
VisualStudioVersion = 15.0.26206.0
MinimumVisualStudioVersion = 10.0.40219.1
Project("{FAE04EC0-301F-11D3-BF4B-00C04F79EFBC}") = "EntityFrameworkCoreOracle", "EntityFrameworkCoreOracle\EntityFrameworkCoreOracle.csproj", "{B9FBA5E8-295D-4496-B024-7F5450E2B10F}"
EndProject
Global
	GlobalSection(SolutionConfigurationPlatforms) = preSolution
		Debug|Any CPU = Debug|Any CPU
		Release|Any CPU = Release|Any CPU
	EndGlobalSection
	GlobalSection(ProjectConfigurationPlatforms) = postSolution
		{B9FBA5E8-295D-4496-B024-7F5450E2B10F}.Debug|Any CPU.ActiveCfg = Debug|Any CPU
		{B9FBA5E8-295D-4496-B024-7F5450E2B10F}.Debug|Any CPU.Build.0 = Debug|Any CPU
		{B9FBA5E8-295D-4496-B024-7F5450E2B10F}.Release|Any CPU.ActiveCfg = Release|Any CPU
		{B9FBA5E8-295D-4496-B024-7F5450E2B10F}.Release|Any CPU.Build.0 = Release|Any CPU
	EndGlobalSection
	GlobalSection(SolutionProperties) = preSolution
		HideSolutionNode = FALSE
	EndGlobalSection
EndGlobal
